// !$*UTF8*$!
{
	archiveVersion = 1;
	classes = {
	};
	objectVersion = 46;
	objects = {

/* Begin PBXFileReference section */
		DC9F10601637B8310078AD7B /* BST.hpp */ = {isa = PBXFileReference; fileEncoding = 4; lastKnownFileType = sourcecode.cpp.h; path = BST.hpp; sourceTree = "<group>"; };
		DC9F10611637B8310078AD7B /* BSTIterator.hpp */ = {isa = PBXFileReference; fileEncoding = 4; lastKnownFileType = sourcecode.cpp.h; path = BSTIterator.hpp; sourceTree = "<group>"; };
		DC9F10621637B8310078AD7B /* BSTNode.hpp */ = {isa = PBXFileReference; fileEncoding = 4; lastKnownFileType = sourcecode.cpp.h; path = BSTNode.hpp; sourceTree = "<group>"; };
		DC9F10631637B8310078AD7B /* countint.cpp */ = {isa = PBXFileReference; fileEncoding = 4; lastKnownFileType = sourcecode.cpp.cpp; path = countint.cpp; sourceTree = "<group>"; };
		DC9F10641637B8310078AD7B /* countint.hpp */ = {isa = PBXFileReference; fileEncoding = 4; lastKnownFileType = sourcecode.cpp.h; path = countint.hpp; sourceTree = "<group>"; };
		DC9F10651637B8310078AD7B /* Makefile */ = {isa = PBXFileReference; fileEncoding = 4; lastKnownFileType = sourcecode.make; path = Makefile; sourceTree = "<group>"; };
		DC9F10661637B8310078AD7B /* RST.hpp */ = {isa = PBXFileReference; fileEncoding = 4; lastKnownFileType = sourcecode.cpp.h; path = RST.hpp; sourceTree = "<group>"; };
		DC9F10671637B8310078AD7B /* RSTNode.hpp */ = {isa = PBXFileReference; fileEncoding = 4; lastKnownFileType = sourcecode.cpp.h; path = RSTNode.hpp; sourceTree = "<group>"; };
		DC9F10681637B8310078AD7B /* test_RST.cpp */ = {isa = PBXFileReference; fileEncoding = 4; lastKnownFileType = sourcecode.cpp.cpp; path = test_RST.cpp; sourceTree = "<group>"; };
		DC9F10701638BBEA0078AD7B /* benchtree.cpp */ = {isa = PBXFileReference; fileEncoding = 4; lastKnownFileType = sourcecode.cpp.cpp; path = benchtree.cpp; sourceTree = "<group>"; };
/* End PBXFileReference section */

/* Begin PBXGroup section */
		DC9F10531637B80C0078AD7B = {
			isa = PBXGroup;
			children = (
				DC9F10701638BBEA0078AD7B /* benchtree.cpp */,
				DC9F10601637B8310078AD7B /* BST.hpp */,
				DC9F10611637B8310078AD7B /* BSTIterator.hpp */,
				DC9F10621637B8310078AD7B /* BSTNode.hpp */,
				DC9F10631637B8310078AD7B /* countint.cpp */,
				DC9F10641637B8310078AD7B /* countint.hpp */,
				DC9F10651637B8310078AD7B /* Makefile */,
				DC9F10661637B8310078AD7B /* RST.hpp */,
				DC9F10671637B8310078AD7B /* RSTNode.hpp */,
				DC9F10681637B8310078AD7B /* test_RST.cpp */,
			);
			sourceTree = "<group>";
		};
/* End PBXGroup section */

/* Begin PBXLegacyTarget section */
		DC9F105A1637B80C0078AD7B /* P2 */ = {
			isa = PBXLegacyTarget;
			buildArgumentsString = "$(ACTION)";
			buildConfigurationList = DC9F105D1637B80C0078AD7B /* Build configuration list for PBXLegacyTarget "P2" */;
			buildPhases = (
			);
			buildToolPath = /usr/bin/make;
			dependencies = (
			);
			name = P2;
			passBuildSettingsInEnvironment = 1;
			productName = P2;
		};
/* End PBXLegacyTarget section */

/* Begin PBXProject section */
		DC9F10551637B80C0078AD7B /* Project object */ = {
			isa = PBXProject;
			attributes = {
				LastUpgradeCheck = 0450;
				ORGANIZATIONNAME = "Alexander Kissinger";
			};
			buildConfigurationList = DC9F10581637B80C0078AD7B /* Build configuration list for PBXProject "P2" */;
			compatibilityVersion = "Xcode 3.2";
			developmentRegion = English;
			hasScannedForEncodings = 0;
			knownRegions = (
				en,
			);
			mainGroup = DC9F10531637B80C0078AD7B;
			projectDirPath = "";
			projectRoot = "";
			targets = (
				DC9F105A1637B80C0078AD7B /* P2 */,
			);
		};
/* End PBXProject section */

/* Begin XCBuildConfiguration section */
		DC9F105B1637B80C0078AD7B /* Debug */ = {
			isa = XCBuildConfiguration;
			buildSettings = {
				ALWAYS_SEARCH_USER_PATHS = NO;
				ARCHS = "$(ARCHS_STANDARD_64_BIT)";
				CLANG_CXX_LANGUAGE_STANDARD = "gnu++0x";
				CLANG_CXX_LIBRARY = "libc++";
				CLANG_WARN_EMPTY_BODY = YES;
				CLANG_WARN__DUPLICATE_METHOD_MATCH = YES;
				COPY_PHASE_STRIP = NO;
				GCC_C_LANGUAGE_STANDARD = gnu99;
				GCC_DYNAMIC_NO_PIC = NO;
				GCC_ENABLE_OBJC_EXCEPTIONS = YES;
				GCC_OPTIMIZATION_LEVEL = 0;
				GCC_PREPROCESSOR_DEFINITIONS = (
					"DEBUG=1",
					"$(inherited)",
				);
				GCC_SYMBOLS_PRIVATE_EXTERN = NO;
				GCC_WARN_64_TO_32_BIT_CONVERSION = YES;
				GCC_WARN_ABOUT_RETURN_TYPE = YES;
				GCC_WARN_UNINITIALIZED_AUTOS = YES;
				GCC_WARN_UNUSED_VARIABLE = YES;
				MACOSX_DEPLOYMENT_TARGET = 10.7;
				ONLY_ACTIVE_ARCH = YES;
				SDKROOT = macosx;
			};
			name = Debug;
		};
		DC9F105C1637B80C0078AD7B /* Release */ = {
			isa = XCBuildConfiguration;
			buildSettings = {
				ALWAYS_SEARCH_USER_PATHS = NO;
				ARCHS = "$(ARCHS_STANDARD_64_BIT)";
				CLANG_CXX_LANGUAGE_STANDARD = "gnu++0x";
				CLANG_CXX_LIBRARY = "libc++";
				CLANG_WARN_EMPTY_BODY = YES;
				CLANG_WARN__DUPLICATE_METHOD_MATCH = YES;
				COPY_PHASE_STRIP = YES;
				DEBUG_INFORMATION_FORMAT = "dwarf-with-dsym";
				GCC_C_LANGUAGE_STANDARD = gnu99;
				GCC_ENABLE_OBJC_EXCEPTIONS = YES;
				GCC_WARN_64_TO_32_BIT_CONVERSION = YES;
				GCC_WARN_ABOUT_RETURN_TYPE = YES;
				GCC_WARN_UNINITIALIZED_AUTOS = YES;
				GCC_WARN_UNUSED_VARIABLE = YES;
				MACOSX_DEPLOYMENT_TARGET = 10.7;
				SDKROOT = macosx;
			};
			name = Release;
		};
		DC9F105E1637B80C0078AD7B /* Debug */ = {
			isa = XCBuildConfiguration;
			buildSettings = {
				DEBUGGING_SYMBOLS = YES;
				GCC_GENERATE_DEBUGGING_SYMBOLS = YES;
				GCC_OPTIMIZATION_LEVEL = 0;
				OTHER_CFLAGS = "";
				OTHER_LDFLAGS = "";
				PRODUCT_NAME = "$(TARGET_NAME)";
			};
			name = Debug;
		};
		DC9F105F1637B80C0078AD7B /* Release */ = {
			isa = XCBuildConfiguration;
			buildSettings = {
				OTHER_CFLAGS = "";
				OTHER_LDFLAGS = "";
				PRODUCT_NAME = "$(TARGET_NAME)";
			};
			name = Release;
		};
/* End XCBuildConfiguration section */

/* Begin XCConfigurationList section */
		DC9F10581637B80C0078AD7B /* Build configuration list for PBXProject "P2" */ = {
			isa = XCConfigurationList;
			buildConfigurations = (
				DC9F105B1637B80C0078AD7B /* Debug */,
				DC9F105C1637B80C0078AD7B /* Release */,
			);
			defaultConfigurationIsVisible = 0;
			defaultConfigurationName = Release;
		};
		DC9F105D1637B80C0078AD7B /* Build configuration list for PBXLegacyTarget "P2" */ = {
			isa = XCConfigurationList;
			buildConfigurations = (
				DC9F105E1637B80C0078AD7B /* Debug */,
				DC9F105F1637B80C0078AD7B /* Release */,
			);
			defaultConfigurationIsVisible = 0;
			defaultConfigurationName = Release;
		};
/* End XCConfigurationList section */
	};
	rootObject = DC9F10551637B80C0078AD7B /* Project object */;
}
